
Microsoft Visual Studio Solution File, Format Version 12.00
# Visual Studio Version 17
VisualStudioVersion = 17.1.32328.378
MinimumVisualStudioVersion = 10.0.40219.1
Project("{FAE04EC0-301F-11D3-BF4B-00C04F79EFBC}") = "WebApplication", "WebApplication\WebApplication.csproj", "{02CDDB8A-6FEF-4737-81F6-E21E8C55A918}"
EndProject
Global
	GlobalSection(SolutionConfigurationPlatforms) = preSolution
		Debug|Any CPU = Debug|Any CPU
		Release|Any CPU = Release|Any CPU
	EndGlobalSection
	GlobalSection(ProjectConfigurationPlatforms) = postSolution
		{02CDDB8A-6FEF-4737-81F6-E21E8C55A918}.Debug|Any CPU.ActiveCfg = Debug|Any CPU
		{02CDDB8A-6FEF-4737-81F6-E21E8C55A918}.Debug|Any CPU.Build.0 = Debug|Any CPU
		{02CDDB8A-6FEF-4737-81F6-E21E8C55A918}.Release|Any CPU.ActiveCfg = Release|Any CPU
		{02CDDB8A-6FEF-4737-81F6-E21E8C55A918}.Release|Any CPU.Build.0 = Release|Any CPU
	EndGlobalSection
	GlobalSection(SolutionProperties) = preSolution
		HideSolutionNode = FALSE
	EndGlobalSection
	GlobalSection(ExtensibilityGlobals) = postSolution
		SolutionGuid = {8FC3FC99-E489-4D45-A944-2D333A8043E6}
	EndGlobalSection
EndGlobal
